
Microsoft Visual Studio Solution File, Format Version 12.00
Project("{FAE04EC0-301F-11D3-BF4B-00C04F79EFBC}") = "saeka1", "saeka1.csproj", "{DDC7B119-4BCF-4F3E-AAEA-3807EED60319}"
EndProject
Global
	GlobalSection(SolutionConfigurationPlatforms) = preSolution
		Debug|Any CPU = Debug|Any CPU
		Release|Any CPU = Release|Any CPU
	EndGlobalSection
	GlobalSection(ProjectConfigurationPlatforms) = postSolution
		{DDC7B119-4BCF-4F3E-AAEA-3807EED60319}.Debug|Any CPU.ActiveCfg = Debug|Any CPU
		{DDC7B119-4BCF-4F3E-AAEA-3807EED60319}.Debug|Any CPU.Build.0 = Debug|Any CPU
		{DDC7B119-4BCF-4F3E-AAEA-3807EED60319}.Release|Any CPU.ActiveCfg = Release|Any CPU
		{DDC7B119-4BCF-4F3E-AAEA-3807EED60319}.Release|Any CPU.Build.0 = Release|Any CPU
	EndGlobalSection
EndGlobal
